// !$*UTF8*$!
{
	archiveVersion = 1;
	classes = {
	};
	objectVersion = 48;
	objects = {

/* Begin PBXBuildFile section */
		1B7B5A511FD957AB000DF55E /* ReviewGOTests.m in Sources */ = {isa = PBXBuildFile; fileRef = 1B7B5A501FD957AB000DF55E /* ReviewGOTests.m */; };
		1B7B5A5C1FD957AB000DF55E /* ReviewGOUITests.m in Sources */ = {isa = PBXBuildFile; fileRef = 1B7B5A5B1FD957AB000DF55E /* ReviewGOUITests.m */; };
		1B7B5A7E1FD9590D000DF55E /* Assets.xcassets in Resources */ = {isa = PBXBuildFile; fileRef = 1B7B5A6B1FD9590C000DF55E /* Assets.xcassets */; };
		1B7B5A7F1FD9590D000DF55E /* LaunchScreen.storyboard in Resources */ = {isa = PBXBuildFile; fileRef = 1B7B5A6C1FD9590C000DF55E /* LaunchScreen.storyboard */; };
		1B7B5A801FD9590D000DF55E /* Main.storyboard in Resources */ = {isa = PBXBuildFile; fileRef = 1B7B5A6E1FD9590C000DF55E /* Main.storyboard */; };
		1B7B5A811FD9590D000DF55E /* main.m in Sources */ = {isa = PBXBuildFile; fileRef = 1B7B5A701FD9590C000DF55E /* main.m */; };
		1B7B5A821FD9590D000DF55E /* Info.plist in Resources */ = {isa = PBXBuildFile; fileRef = 1B7B5A711FD9590C000DF55E /* Info.plist */; };
		1B7B5A831FD9590D000DF55E /* AppDelegate.m in Sources */ = {isa = PBXBuildFile; fileRef = 1B7B5A791FD9590D000DF55E /* AppDelegate.m */; };
		1B7B5A861FD95972000DF55E /* BaseTableViewController.m in Sources */ = {isa = PBXBuildFile; fileRef = 1B7B5A851FD95972000DF55E /* BaseTableViewController.m */; };
		1B7B5A891FD95987000DF55E /* BaseNavViewController.m in Sources */ = {isa = PBXBuildFile; fileRef = 1B7B5A881FD95987000DF55E /* BaseNavViewController.m */; };
		1B7B5A8C1FD959A0000DF55E /* MainViewController.m in Sources */ = {isa = PBXBuildFile; fileRef = 1B7B5A8B1FD959A0000DF55E /* MainViewController.m */; };
		1B7B5A8F1FD95AB7000DF55E /* BaseModel.m in Sources */ = {isa = PBXBuildFile; fileRef = 1B7B5A8E1FD95AB7000DF55E /* BaseModel.m */; };
		1B7B5A991FD9690D000DF55E /* ContactListViewController.m in Sources */ = {isa = PBXBuildFile; fileRef = 1B7B5A981FD9690D000DF55E /* ContactListViewController.m */; };
		1B7B5A9C1FD96938000DF55E /* Person.m in Sources */ = {isa = PBXBuildFile; fileRef = 1B7B5A9B1FD96938000DF55E /* Person.m */; };
		1B7B5AA31FD983D7000DF55E /* SearchShowViewController.m in Sources */ = {isa = PBXBuildFile; fileRef = 1B7B5AA21FD983D7000DF55E /* SearchShowViewController.m */; };
		1B7B5AA61FD98548000DF55E /* SearchResultViewController.m in Sources */ = {isa = PBXBuildFile; fileRef = 1B7B5AA51FD98548000DF55E /* SearchResultViewController.m */; };
		1B7B5AA91FD98891000DF55E /* Images.xcassets in Resources */ = {isa = PBXBuildFile; fileRef = 1B7B5AA81FD98891000DF55E /* Images.xcassets */; };
/* End PBXBuildFile section */

/* Begin PBXContainerItemProxy section */
		1B7B5A4D1FD957AB000DF55E /* PBXContainerItemProxy */ = {
			isa = PBXContainerItemProxy;
			containerPortal = 1B7B5A2C1FD957AB000DF55E /* Project object */;
			proxyType = 1;
			remoteGlobalIDString = 1B7B5A331FD957AB000DF55E;
			remoteInfo = ReviewGO;
		};
		1B7B5A581FD957AB000DF55E /* PBXContainerItemProxy */ = {
			isa = PBXContainerItemProxy;
			containerPortal = 1B7B5A2C1FD957AB000DF55E /* Project object */;
			proxyType = 1;
			remoteGlobalIDString = 1B7B5A331FD957AB000DF55E;
			remoteInfo = ReviewGO;
		};
/* End PBXContainerItemProxy section */

/* Begin PBXFileReference section */
		1B7B5A341FD957AB000DF55E /* ReviewGO.app */ = {isa = PBXFileReference; explicitFileType = wrapper.application; includeInIndex = 0; path = ReviewGO.app; sourceTree = BUILT_PRODUCTS_DIR; };
		1B7B5A4C1FD957AB000DF55E /* ReviewGOTests.xctest */ = {isa = PBXFileReference; explicitFileType = wrapper.cfbundle; includeInIndex = 0; path = ReviewGOTests.xctest; sourceTree = BUILT_PRODUCTS_DIR; };
		1B7B5A501FD957AB000DF55E /* ReviewGOTests.m */ = {isa = PBXFileReference; lastKnownFileType = sourcecode.c.objc; path = ReviewGOTests.m; sourceTree = "<group>"; };
		1B7B5A521FD957AB000DF55E /* Info.plist */ = {isa = PBXFileReference; lastKnownFileType = text.plist.xml; path = Info.plist; sourceTree = "<group>"; };
		1B7B5A571FD957AB000DF55E /* ReviewGOUITests.xctest */ = {isa = PBXFileReference; explicitFileType = wrapper.cfbundle; includeInIndex = 0; path = ReviewGOUITests.xctest; sourceTree = BUILT_PRODUCTS_DIR; };
		1B7B5A5B1FD957AB000DF55E /* ReviewGOUITests.m */ = {isa = PBXFileReference; lastKnownFileType = sourcecode.c.objc; path = ReviewGOUITests.m; sourceTree = "<group>"; };
		1B7B5A5D1FD957AB000DF55E /* Info.plist */ = {isa = PBXFileReference; lastKnownFileType = text.plist.xml; path = Info.plist; sourceTree = "<group>"; };
		1B7B5A6B1FD9590C000DF55E /* Assets.xcassets */ = {isa = PBXFileReference; lastKnownFileType = folder.assetcatalog; path = Assets.xcassets; sourceTree = "<group>"; };
		1B7B5A6D1FD9590C000DF55E /* Base */ = {isa = PBXFileReference; lastKnownFileType = file.storyboard; name = Base; path = Base.lproj/LaunchScreen.storyboard; sourceTree = "<group>"; };
		1B7B5A6F1FD9590C000DF55E /* Base */ = {isa = PBXFileReference; lastKnownFileType = file.storyboard; name = Base; path = Base.lproj/Main.storyboard; sourceTree = "<group>"; };
		1B7B5A701FD9590C000DF55E /* main.m */ = {isa = PBXFileReference; fileEncoding = 4; lastKnownFileType = sourcecode.c.objc; path = main.m; sourceTree = "<group>"; };
		1B7B5A711FD9590C000DF55E /* Info.plist */ = {isa = PBXFileReference; fileEncoding = 4; lastKnownFileType = text.plist.xml; path = Info.plist; sourceTree = "<group>"; };
		1B7B5A781FD9590D000DF55E /* AppDelegate.h */ = {isa = PBXFileReference; fileEncoding = 4; lastKnownFileType = sourcecode.c.h; path = AppDelegate.h; sourceTree = "<group>"; };
		1B7B5A791FD9590D000DF55E /* AppDelegate.m */ = {isa = PBXFileReference; fileEncoding = 4; lastKnownFileType = sourcecode.c.objc; path = AppDelegate.m; sourceTree = "<group>"; };
		1B7B5A841FD95972000DF55E /* BaseTableViewController.h */ = {isa = PBXFileReference; lastKnownFileType = sourcecode.c.h; path = BaseTableViewController.h; sourceTree = "<group>"; };
		1B7B5A851FD95972000DF55E /* BaseTableViewController.m */ = {isa = PBXFileReference; lastKnownFileType = sourcecode.c.objc; path = BaseTableViewController.m; sourceTree = "<group>"; };
		1B7B5A871FD95987000DF55E /* BaseNavViewController.h */ = {isa = PBXFileReference; lastKnownFileType = sourcecode.c.h; path = BaseNavViewController.h; sourceTree = "<group>"; };
		1B7B5A881FD95987000DF55E /* BaseNavViewController.m */ = {isa = PBXFileReference; lastKnownFileType = sourcecode.c.objc; path = BaseNavViewController.m; sourceTree = "<group>"; };
		1B7B5A8A1FD959A0000DF55E /* MainViewController.h */ = {isa = PBXFileReference; lastKnownFileType = sourcecode.c.h; path = MainViewController.h; sourceTree = "<group>"; };
		1B7B5A8B1FD959A0000DF55E /* MainViewController.m */ = {isa = PBXFileReference; lastKnownFileType = sourcecode.c.objc; path = MainViewController.m; sourceTree = "<group>"; };
		1B7B5A8D1FD95AB7000DF55E /* BaseModel.h */ = {isa = PBXFileReference; lastKnownFileType = sourcecode.c.h; path = BaseModel.h; sourceTree = "<group>"; };
		1B7B5A8E1FD95AB7000DF55E /* BaseModel.m */ = {isa = PBXFileReference; lastKnownFileType = sourcecode.c.objc; path = BaseModel.m; sourceTree = "<group>"; };
		1B7B5A971FD9690D000DF55E /* ContactListViewController.h */ = {isa = PBXFileReference; fileEncoding = 4; lastKnownFileType = sourcecode.c.h; path = ContactListViewController.h; sourceTree = "<group>"; };
		1B7B5A981FD9690D000DF55E /* ContactListViewController.m */ = {isa = PBXFileReference; fileEncoding = 4; lastKnownFileType = sourcecode.c.objc; path = ContactListViewController.m; sourceTree = "<group>"; };
		1B7B5A9A1FD96938000DF55E /* Person.h */ = {isa = PBXFileReference; lastKnownFileType = sourcecode.c.h; path = Person.h; sourceTree = "<group>"; };
		1B7B5A9B1FD96938000DF55E /* Person.m */ = {isa = PBXFileReference; lastKnownFileType = sourcecode.c.objc; path = Person.m; sourceTree = "<group>"; };
		1B7B5AA11FD983D7000DF55E /* SearchShowViewController.h */ = {isa = PBXFileReference; lastKnownFileType = sourcecode.c.h; path = SearchShowViewController.h; sourceTree = "<group>"; };
		1B7B5AA21FD983D7000DF55E /* SearchShowViewController.m */ = {isa = PBXFileReference; lastKnownFileType = sourcecode.c.objc; path = SearchShowViewController.m; sourceTree = "<group>"; };
		1B7B5AA41FD98548000DF55E /* SearchResultViewController.h */ = {isa = PBXFileReference; lastKnownFileType = sourcecode.c.h; path = SearchResultViewController.h; sourceTree = "<group>"; };
		1B7B5AA51FD98548000DF55E /* SearchResultViewController.m */ = {isa = PBXFileReference; lastKnownFileType = sourcecode.c.objc; path = SearchResultViewController.m; sourceTree = "<group>"; };
		1B7B5AA81FD98891000DF55E /* Images.xcassets */ = {isa = PBXFileReference; lastKnownFileType = folder.assetcatalog; path = Images.xcassets; sourceTree = "<group>"; };
/* End PBXFileReference section */

/* Begin PBXFrameworksBuildPhase section */
		1B7B5A311FD957AB000DF55E /* Frameworks */ = {
			isa = PBXFrameworksBuildPhase;
			buildActionMask = 2147483647;
			files = (
			);
			runOnlyForDeploymentPostprocessing = 0;
		};
		1B7B5A491FD957AB000DF55E /* Frameworks */ = {
			isa = PBXFrameworksBuildPhase;
			buildActionMask = 2147483647;
			files = (
			);
			runOnlyForDeploymentPostprocessing = 0;
		};
		1B7B5A541FD957AB000DF55E /* Frameworks */ = {
			isa = PBXFrameworksBuildPhase;
			buildActionMask = 2147483647;
			files = (
			);
			runOnlyForDeploymentPostprocessing = 0;
		};
/* End PBXFrameworksBuildPhase section */

/* Begin PBXGroup section */
		1B7B5A2B1FD957AB000DF55E = {
			isa = PBXGroup;
			children = (
				1B7B5A361FD957AB000DF55E /* ReviewGO */,
				1B7B5A4F1FD957AB000DF55E /* ReviewGOTests */,
				1B7B5A5A1FD957AB000DF55E /* ReviewGOUITests */,
				1B7B5A351FD957AB000DF55E /* Products */,
			);
			sourceTree = "<group>";
		};
		1B7B5A351FD957AB000DF55E /* Products */ = {
			isa = PBXGroup;
			children = (
				1B7B5A341FD957AB000DF55E /* ReviewGO.app */,
				1B7B5A4C1FD957AB000DF55E /* ReviewGOTests.xctest */,
				1B7B5A571FD957AB000DF55E /* ReviewGOUITests.xctest */,
			);
			name = Products;
			sourceTree = "<group>";
		};
		1B7B5A361FD957AB000DF55E /* ReviewGO */ = {
			isa = PBXGroup;
			children = (
				1B7B5A721FD9590D000DF55E /* Classes */,
				1B7B5A6A1FD9590C000DF55E /* Other */,
			);
			path = ReviewGO;
			sourceTree = "<group>";
		};
		1B7B5A4F1FD957AB000DF55E /* ReviewGOTests */ = {
			isa = PBXGroup;
			children = (
				1B7B5A501FD957AB000DF55E /* ReviewGOTests.m */,
				1B7B5A521FD957AB000DF55E /* Info.plist */,
			);
			path = ReviewGOTests;
			sourceTree = "<group>";
		};
		1B7B5A5A1FD957AB000DF55E /* ReviewGOUITests */ = {
			isa = PBXGroup;
			children = (
				1B7B5A5B1FD957AB000DF55E /* ReviewGOUITests.m */,
				1B7B5A5D1FD957AB000DF55E /* Info.plist */,
			);
			path = ReviewGOUITests;
			sourceTree = "<group>";
		};
		1B7B5A6A1FD9590C000DF55E /* Other */ = {
			isa = PBXGroup;
			children = (
				1B7B5AA71FD98860000DF55E /* Resource */,
				1B7B5A6B1FD9590C000DF55E /* Assets.xcassets */,
				1B7B5A6C1FD9590C000DF55E /* LaunchScreen.storyboard */,
				1B7B5A6E1FD9590C000DF55E /* Main.storyboard */,
				1B7B5A701FD9590C000DF55E /* main.m */,
				1B7B5A711FD9590C000DF55E /* Info.plist */,
			);
			path = Other;
			sourceTree = "<group>";
		};
		1B7B5A721FD9590D000DF55E /* Classes */ = {
			isa = PBXGroup;
			children = (
				1B7B5A771FD9590D000DF55E /* AppDelegate */,
				1B7B5A7A1FD9590D000DF55E /* Main */,
				1B7B5A731FD9590D000DF55E /* Template */,
				1B7B5A741FD9590D000DF55E /* utils */,
			);
			path = Classes;
			sourceTree = "<group>";
		};
		1B7B5A731FD9590D000DF55E /* Template */ = {
			isa = PBXGroup;
			children = (
				1B7B5A9D1FD9838A000DF55E /* search */,
				1B7B5A931FD95D86000DF55E /* contact */,
			);
			path = Template;
			sourceTree = "<group>";
		};
		1B7B5A741FD9590D000DF55E /* utils */ = {
			isa = PBXGroup;
			children = (
				1B7B5A751FD9590D000DF55E /* category */,
				1B7B5A761FD9590D000DF55E /* lib */,
			);
			path = utils;
			sourceTree = "<group>";
		};
		1B7B5A751FD9590D000DF55E /* category */ = {
			isa = PBXGroup;
			children = (
			);
			path = category;
			sourceTree = "<group>";
		};
		1B7B5A761FD9590D000DF55E /* lib */ = {
			isa = PBXGroup;
			children = (
			);
			path = lib;
			sourceTree = "<group>";
		};
		1B7B5A771FD9590D000DF55E /* AppDelegate */ = {
			isa = PBXGroup;
			children = (
				1B7B5A781FD9590D000DF55E /* AppDelegate.h */,
				1B7B5A791FD9590D000DF55E /* AppDelegate.m */,
			);
			path = AppDelegate;
			sourceTree = "<group>";
		};
		1B7B5A7A1FD9590D000DF55E /* Main */ = {
			isa = PBXGroup;
			children = (
				1B7B5A7B1FD9590D000DF55E /* Controller */,
				1B7B5A7C1FD9590D000DF55E /* Model */,
				1B7B5A7D1FD9590D000DF55E /* View */,
			);
			path = Main;
			sourceTree = "<group>";
		};
		1B7B5A7B1FD9590D000DF55E /* Controller */ = {
			isa = PBXGroup;
			children = (
				1B7B5A841FD95972000DF55E /* BaseTableViewController.h */,
				1B7B5A851FD95972000DF55E /* BaseTableViewController.m */,
				1B7B5A871FD95987000DF55E /* BaseNavViewController.h */,
				1B7B5A881FD95987000DF55E /* BaseNavViewController.m */,
				1B7B5A8A1FD959A0000DF55E /* MainViewController.h */,
				1B7B5A8B1FD959A0000DF55E /* MainViewController.m */,
			);
			path = Controller;
			sourceTree = "<group>";
		};
		1B7B5A7C1FD9590D000DF55E /* Model */ = {
			isa = PBXGroup;
			children = (
				1B7B5A8D1FD95AB7000DF55E /* BaseModel.h */,
				1B7B5A8E1FD95AB7000DF55E /* BaseModel.m */,
			);
			path = Model;
			sourceTree = "<group>";
		};
		1B7B5A7D1FD9590D000DF55E /* View */ = {
			isa = PBXGroup;
			children = (
			);
			path = View;
			sourceTree = "<group>";
		};
		1B7B5A931FD95D86000DF55E /* contact */ = {
			isa = PBXGroup;
			children = (
				1B7B5A961FD9690D000DF55E /* Controller */,
				1B7B5A941FD9690C000DF55E /* Model */,
				1B7B5A951FD9690D000DF55E /* View */,
			);
			path = contact;
			sourceTree = "<group>";
		};
		1B7B5A941FD9690C000DF55E /* Model */ = {
			isa = PBXGroup;
			children = (
				1B7B5A9A1FD96938000DF55E /* Person.h */,
				1B7B5A9B1FD96938000DF55E /* Person.m */,
			);
			path = Model;
			sourceTree = "<group>";
		};
		1B7B5A951FD9690D000DF55E /* View */ = {
			isa = PBXGroup;
			children = (
			);
			path = View;
			sourceTree = "<group>";
		};
		1B7B5A961FD9690D000DF55E /* Controller */ = {
			isa = PBXGroup;
			children = (
				1B7B5A971FD9690D000DF55E /* ContactListViewController.h */,
				1B7B5A981FD9690D000DF55E /* ContactListViewController.m */,
			);
			path = Controller;
			sourceTree = "<group>";
		};
		1B7B5A9D1FD9838A000DF55E /* search */ = {
			isa = PBXGroup;
			children = (
				1B7B5A9E1FD9838A000DF55E /* Controller */,
				1B7B5A9F1FD9838A000DF55E /* Model */,
				1B7B5AA01FD9838A000DF55E /* View */,
			);
			path = search;
			sourceTree = "<group>";
		};
		1B7B5A9E1FD9838A000DF55E /* Controller */ = {
			isa = PBXGroup;
			children = (
				1B7B5AA11FD983D7000DF55E /* SearchShowViewController.h */,
				1B7B5AA21FD983D7000DF55E /* SearchShowViewController.m */,
				1B7B5AA41FD98548000DF55E /* SearchResultViewController.h */,
				1B7B5AA51FD98548000DF55E /* SearchResultViewController.m */,
			);
			path = Controller;
			sourceTree = "<group>";
		};
		1B7B5A9F1FD9838A000DF55E /* Model */ = {
			isa = PBXGroup;
			children = (
			);
			path = Model;
			sourceTree = "<group>";
		};
		1B7B5AA01FD9838A000DF55E /* View */ = {
			isa = PBXGroup;
			children = (
			);
			path = View;
			sourceTree = "<group>";
		};
		1B7B5AA71FD98860000DF55E /* Resource */ = {
			isa = PBXGroup;
			children = (
				1B7B5AA81FD98891000DF55E /* Images.xcassets */,
			);
			path = Resource;
			sourceTree = "<group>";
		};
/* End PBXGroup section */

/* Begin PBXNativeTarget section */
		1B7B5A331FD957AB000DF55E /* ReviewGO */ = {
			isa = PBXNativeTarget;
			buildConfigurationList = 1B7B5A601FD957AB000DF55E /* Build configuration list for PBXNativeTarget "ReviewGO" */;
			buildPhases = (
				1B7B5A301FD957AB000DF55E /* Sources */,
				1B7B5A311FD957AB000DF55E /* Frameworks */,
				1B7B5A321FD957AB000DF55E /* Resources */,
			);
			buildRules = (
			);
			dependencies = (
			);
			name = ReviewGO;
			productName = ReviewGO;
			productReference = 1B7B5A341FD957AB000DF55E /* ReviewGO.app */;
			productType = "com.apple.product-type.application";
		};
		1B7B5A4B1FD957AB000DF55E /* ReviewGOTests */ = {
			isa = PBXNativeTarget;
			buildConfigurationList = 1B7B5A631FD957AB000DF55E /* Build configuration list for PBXNativeTarget "ReviewGOTests" */;
			buildPhases = (
				1B7B5A481FD957AB000DF55E /* Sources */,
				1B7B5A491FD957AB000DF55E /* Frameworks */,
				1B7B5A4A1FD957AB000DF55E /* Resources */,
			);
			buildRules = (
			);
			dependencies = (
				1B7B5A4E1FD957AB000DF55E /* PBXTargetDependency */,
			);
			name = ReviewGOTests;
			productName = ReviewGOTests;
			productReference = 1B7B5A4C1FD957AB000DF55E /* ReviewGOTests.xctest */;
			productType = "com.apple.product-type.bundle.unit-test";
		};
		1B7B5A561FD957AB000DF55E /* ReviewGOUITests */ = {
			isa = PBXNativeTarget;
			buildConfigurationList = 1B7B5A661FD957AB000DF55E /* Build configuration list for PBXNativeTarget "ReviewGOUITests" */;
			buildPhases = (
				1B7B5A531FD957AB000DF55E /* Sources */,
				1B7B5A541FD957AB000DF55E /* Frameworks */,
				1B7B5A551FD957AB000DF55E /* Resources */,
			);
			buildRules = (
			);
			dependencies = (
				1B7B5A591FD957AB000DF55E /* PBXTargetDependency */,
			);
			name = ReviewGOUITests;
			productName = ReviewGOUITests;
			productReference = 1B7B5A571FD957AB000DF55E /* ReviewGOUITests.xctest */;
			productType = "com.apple.product-type.bundle.ui-testing";
		};
/* End PBXNativeTarget section */

/* Begin PBXProject section */
		1B7B5A2C1FD957AB000DF55E /* Project object */ = {
			isa = PBXProject;
			attributes = {
				LastUpgradeCheck = 0910;
				ORGANIZATIONNAME = wjl;
				TargetAttributes = {
					1B7B5A331FD957AB000DF55E = {
						CreatedOnToolsVersion = 9.1;
						ProvisioningStyle = Automatic;
					};
					1B7B5A4B1FD957AB000DF55E = {
						CreatedOnToolsVersion = 9.1;
						ProvisioningStyle = Automatic;
						TestTargetID = 1B7B5A331FD957AB000DF55E;
					};
					1B7B5A561FD957AB000DF55E = {
						CreatedOnToolsVersion = 9.1;
						ProvisioningStyle = Automatic;
						TestTargetID = 1B7B5A331FD957AB000DF55E;
					};
				};
			};
			buildConfigurationList = 1B7B5A2F1FD957AB000DF55E /* Build configuration list for PBXProject "ReviewGO" */;
			compatibilityVersion = "Xcode 8.0";
			developmentRegion = en;
			hasScannedForEncodings = 0;
			knownRegions = (
				en,
				Base,
			);
			mainGroup = 1B7B5A2B1FD957AB000DF55E;
			productRefGroup = 1B7B5A351FD957AB000DF55E /* Products */;
			projectDirPath = "";
			projectRoot = "";
			targets = (
				1B7B5A331FD957AB000DF55E /* ReviewGO */,
				1B7B5A4B1FD957AB000DF55E /* ReviewGOTests */,
				1B7B5A561FD957AB000DF55E /* ReviewGOUITests */,
			);
		};
/* End PBXProject section */

/* Begin PBXResourcesBuildPhase section */
		1B7B5A321FD957AB000DF55E /* Resources */ = {
			isa = PBXResourcesBuildPhase;
			buildActionMask = 2147483647;
			files = (
				1B7B5A821FD9590D000DF55E /* Info.plist in Resources */,
				1B7B5AA91FD98891000DF55E /* Images.xcassets in Resources */,
				1B7B5A801FD9590D000DF55E /* Main.storyboard in Resources */,
				1B7B5A7E1FD9590D000DF55E /* Assets.xcassets in Resources */,
				1B7B5A7F1FD9590D000DF55E /* LaunchScreen.storyboard in Resources */,
			);
			runOnlyForDeploymentPostprocessing = 0;
		};
		1B7B5A4A1FD957AB000DF55E /* Resources */ = {
			isa = PBXResourcesBuildPhase;
			buildActionMask = 2147483647;
			files = (
			);
			runOnlyForDeploymentPostprocessing = 0;
		};
		1B7B5A551FD957AB000DF55E /* Resources */ = {
			isa = PBXResourcesBuildPhase;
			buildActionMask = 2147483647;
			files = (
			);
			runOnlyForDeploymentPostprocessing = 0;
		};
/* End PBXResourcesBuildPhase section */

/* Begin PBXSourcesBuildPhase section */
		1B7B5A301FD957AB000DF55E /* Sources */ = {
			isa = PBXSourcesBuildPhase;
			buildActionMask = 2147483647;
			files = (
				1B7B5A8F1FD95AB7000DF55E /* BaseModel.m in Sources */,
				1B7B5A991FD9690D000DF55E /* ContactListViewController.m in Sources */,
				1B7B5A9C1FD96938000DF55E /* Person.m in Sources */,
				1B7B5A831FD9590D000DF55E /* AppDelegate.m in Sources */,
				1B7B5A891FD95987000DF55E /* BaseNavViewController.m in Sources */,
				1B7B5AA31FD983D7000DF55E /* SearchShowViewController.m in Sources */,
				1B7B5A861FD95972000DF55E /* BaseTableViewController.m in Sources */,
				1B7B5AA61FD98548000DF55E /* SearchResultViewController.m in Sources */,
				1B7B5A8C1FD959A0000DF55E /* MainViewController.m in Sources */,
				1B7B5A811FD9590D000DF55E /* main.m in Sources */,
			);
			runOnlyForDeploymentPostprocessing = 0;
		};
		1B7B5A481FD957AB000DF55E /* Sources */ = {
			isa = PBXSourcesBuildPhase;
			buildActionMask = 2147483647;
			files = (
				1B7B5A511FD957AB000DF55E /* ReviewGOTests.m in Sources */,
			);
			runOnlyForDeploymentPostprocessing = 0;
		};
		1B7B5A531FD957AB000DF55E /* Sources */ = {
			isa = PBXSourcesBuildPhase;
			buildActionMask = 2147483647;
			files = (
				1B7B5A5C1FD957AB000DF55E /* ReviewGOUITests.m in Sources */,
			);
			runOnlyForDeploymentPostprocessing = 0;
		};
/* End PBXSourcesBuildPhase section */

/* Begin PBXTargetDependency section */
		1B7B5A4E1FD957AB000DF55E /* PBXTargetDependency */ = {
			isa = PBXTargetDependency;
			target = 1B7B5A331FD957AB000DF55E /* ReviewGO */;
			targetProxy = 1B7B5A4D1FD957AB000DF55E /* PBXContainerItemProxy */;
		};
		1B7B5A591FD957AB000DF55E /* PBXTargetDependency */ = {
			isa = PBXTargetDependency;
			target = 1B7B5A331FD957AB000DF55E /* ReviewGO */;
			targetProxy = 1B7B5A581FD957AB000DF55E /* PBXContainerItemProxy */;
		};
/* End PBXTargetDependency section */

/* Begin PBXVariantGroup section */
		1B7B5A6C1FD9590C000DF55E /* LaunchScreen.storyboard */ = {
			isa = PBXVariantGroup;
			children = (
				1B7B5A6D1FD9590C000DF55E /* Base */,
			);
			name = LaunchScreen.storyboard;
			sourceTree = "<group>";
		};
		1B7B5A6E1FD9590C000DF55E /* Main.storyboard */ = {
			isa = PBXVariantGroup;
			children = (
				1B7B5A6F1FD9590C000DF55E /* Base */,
			);
			name = Main.storyboard;
			sourceTree = "<group>";
		};
/* End PBXVariantGroup section */

/* Begin XCBuildConfiguration section */
		1B7B5A5E1FD957AB000DF55E /* Debug */ = {
			isa = XCBuildConfiguration;
			buildSettings = {
				ALWAYS_SEARCH_USER_PATHS = NO;
				CLANG_ANALYZER_NONNULL = YES;
				CLANG_ANALYZER_NUMBER_OBJECT_CONVERSION = YES_AGGRESSIVE;
				CLANG_CXX_LANGUAGE_STANDARD = "gnu++14";
				CLANG_CXX_LIBRARY = "libc++";
				CLANG_ENABLE_MODULES = YES;
				CLANG_ENABLE_OBJC_ARC = YES;
				CLANG_WARN_BLOCK_CAPTURE_AUTORELEASING = YES;
				CLANG_WARN_BOOL_CONVERSION = YES;
				CLANG_WARN_COMMA = YES;
				CLANG_WARN_CONSTANT_CONVERSION = YES;
				CLANG_WARN_DIRECT_OBJC_ISA_USAGE = YES_ERROR;
				CLANG_WARN_DOCUMENTATION_COMMENTS = YES;
				CLANG_WARN_EMPTY_BODY = YES;
				CLANG_WARN_ENUM_CONVERSION = YES;
				CLANG_WARN_INFINITE_RECURSION = YES;
				CLANG_WARN_INT_CONVERSION = YES;
				CLANG_WARN_NON_LITERAL_NULL_CONVERSION = YES;
				CLANG_WARN_OBJC_LITERAL_CONVERSION = YES;
				CLANG_WARN_OBJC_ROOT_CLASS = YES_ERROR;
				CLANG_WARN_RANGE_LOOP_ANALYSIS = YES;
				CLANG_WARN_STRICT_PROTOTYPES = YES;
				CLANG_WARN_SUSPICIOUS_MOVE = YES;
				CLANG_WARN_UNGUARDED_AVAILABILITY = YES_AGGRESSIVE;
				CLANG_WARN_UNREACHABLE_CODE = YES;
				CLANG_WARN__DUPLICATE_METHOD_MATCH = YES;
				CODE_SIGN_IDENTITY = "iPhone Developer";
				COPY_PHASE_STRIP = NO;
				DEBUG_INFORMATION_FORMAT = dwarf;
				ENABLE_STRICT_OBJC_MSGSEND = YES;
				ENABLE_TESTABILITY = YES;
				GCC_C_LANGUAGE_STANDARD = gnu11;
				GCC_DYNAMIC_NO_PIC = NO;
				GCC_NO_COMMON_BLOCKS = YES;
				GCC_OPTIMIZATION_LEVEL = 0;
				GCC_PREPROCESSOR_DEFINITIONS = (
					"DEBUG=1",
					"$(inherited)",
				);
				GCC_WARN_64_TO_32_BIT_CONVERSION = YES;
				GCC_WARN_ABOUT_RETURN_TYPE = YES_ERROR;
				GCC_WARN_UNDECLARED_SELECTOR = YES;
				GCC_WARN_UNINITIALIZED_AUTOS = YES_AGGRESSIVE;
				GCC_WARN_UNUSED_FUNCTION = YES;
				GCC_WARN_UNUSED_VARIABLE = YES;
				IPHONEOS_DEPLOYMENT_TARGET = 11.1;
				MTL_ENABLE_DEBUG_INFO = YES;
				ONLY_ACTIVE_ARCH = YES;
				SDKROOT = iphoneos;
			};
			name = Debug;
		};
		1B7B5A5F1FD957AB000DF55E /* Release */ = {
			isa = XCBuildConfiguration;
			buildSettings = {
				ALWAYS_SEARCH_USER_PATHS = NO;
				CLANG_ANALYZER_NONNULL = YES;
				CLANG_ANALYZER_NUMBER_OBJECT_CONVERSION = YES_AGGRESSIVE;
				CLANG_CXX_LANGUAGE_STANDARD = "gnu++14";
				CLANG_CXX_LIBRARY = "libc++";
				CLANG_ENABLE_MODULES = YES;
				CLANG_ENABLE_OBJC_ARC = YES;
				CLANG_WARN_BLOCK_CAPTURE_AUTORELEASING = YES;
				CLANG_WARN_BOOL_CONVERSION = YES;
				CLANG_WARN_COMMA = YES;
				CLANG_WARN_CONSTANT_CONVERSION = YES;
				CLANG_WARN_DIRECT_OBJC_ISA_USAGE = YES_ERROR;
				CLANG_WARN_DOCUMENTATION_COMMENTS = YES;
				CLANG_WARN_EMPTY_BODY = YES;
				CLANG_WARN_ENUM_CONVERSION = YES;
				CLANG_WARN_INFINITE_RECURSION = YES;
				CLANG_WARN_INT_CONVERSION = YES;
				CLANG_WARN_NON_LITERAL_NULL_CONVERSION = YES;
				CLANG_WARN_OBJC_LITERAL_CONVERSION = YES;
				CLANG_WARN_OBJC_ROOT_CLASS = YES_ERROR;
				CLANG_WARN_RANGE_LOOP_ANALYSIS = YES;
				CLANG_WARN_STRICT_PROTOTYPES = YES;
				CLANG_WARN_SUSPICIOUS_MOVE = YES;
				CLANG_WARN_UNGUARDED_AVAILABILITY = YES_AGGRESSIVE;
				CLANG_WARN_UNREACHABLE_CODE = YES;
				CLANG_WARN__DUPLICATE_METHOD_MATCH = YES;
				CODE_SIGN_IDENTITY = "iPhone Developer";
				COPY_PHASE_STRIP = NO;
				DEBUG_INFORMATION_FORMAT = "dwarf-with-dsym";
				ENABLE_NS_ASSERTIONS = NO;
				ENABLE_STRICT_OBJC_MSGSEND = YES;
				GCC_C_LANGUAGE_STANDARD = gnu11;
				GCC_NO_COMMON_BLOCKS = YES;
				GCC_WARN_64_TO_32_BIT_CONVERSION = YES;
				GCC_WARN_ABOUT_RETURN_TYPE = YES_ERROR;
				GCC_WARN_UNDECLARED_SELECTOR = YES;
				GCC_WARN_UNINITIALIZED_AUTOS = YES_AGGRESSIVE;
				GCC_WARN_UNUSED_FUNCTION = YES;
				GCC_WARN_UNUSED_VARIABLE = YES;
				IPHONEOS_DEPLOYMENT_TARGET = 11.1;
				MTL_ENABLE_DEBUG_INFO = NO;
				SDKROOT = iphoneos;
				VALIDATE_PRODUCT = YES;
			};
			name = Release;
		};
		1B7B5A611FD957AB000DF55E /* Debug */ = {
			isa = XCBuildConfiguration;
			buildSettings = {
				ASSETCATALOG_COMPILER_APPICON_NAME = AppIcon;
				CODE_SIGN_STYLE = Automatic;
				DEVELOPMENT_TEAM = 6R9HWS7XZ6;
				INFOPLIST_FILE = "$(SRCROOT)/ReviewGO/Other/Info.plist";
				IPHONEOS_DEPLOYMENT_TARGET = 8.0;
				LD_RUNPATH_SEARCH_PATHS = "$(inherited) @executable_path/Frameworks";
				PRODUCT_BUNDLE_IDENTIFIER = com.wjl.ReviewGO;
				PRODUCT_NAME = "$(TARGET_NAME)";
				TARGETED_DEVICE_FAMILY = "1,2";
			};
			name = Debug;
		};
		1B7B5A621FD957AB000DF55E /* Release */ = {
			isa = XCBuildConfiguration;
			buildSettings = {
				ASSETCATALOG_COMPILER_APPICON_NAME = AppIcon;
				CODE_SIGN_STYLE = Automatic;
				DEVELOPMENT_TEAM = 6R9HWS7XZ6;
				INFOPLIST_FILE = "$(SRCROOT)/ReviewGO/Other/Info.plist";
				IPHONEOS_DEPLOYMENT_TARGET = 8.0;
				LD_RUNPATH_SEARCH_PATHS = "$(inherited) @executable_path/Frameworks";
				PRODUCT_BUNDLE_IDENTIFIER = com.wjl.ReviewGO;
				PRODUCT_NAME = "$(TARGET_NAME)";
				TARGETED_DEVICE_FAMILY = "1,2";
			};
			name = Release;
		};
		1B7B5A641FD957AB000DF55E /* Debug */ = {
			isa = XCBuildConfiguration;
			buildSettings = {
				BUNDLE_LOADER = "$(TEST_HOST)";
				CODE_SIGN_STYLE = Automatic;
				DEVELOPMENT_TEAM = 6R9HWS7XZ6;
				INFOPLIST_FILE = ReviewGOTests/Info.plist;
				LD_RUNPATH_SEARCH_PATHS = "$(inherited) @executable_path/Frameworks @loader_path/Frameworks";
				PRODUCT_BUNDLE_IDENTIFIER = com.wjl.ReviewGOTests;
				PRODUCT_NAME = "$(TARGET_NAME)";
				TARGETED_DEVICE_FAMILY = "1,2";
				TEST_HOST = "$(BUILT_PRODUCTS_DIR)/ReviewGO.app/ReviewGO";
			};
			name = Debug;
		};
		1B7B5A651FD957AB000DF55E /* Release */ = {
			isa = XCBuildConfiguration;
			buildSettings = {
				BUNDLE_LOADER = "$(TEST_HOST)";
				CODE_SIGN_STYLE = Automatic;
				DEVELOPMENT_TEAM = 6R9HWS7XZ6;
				INFOPLIST_FILE = ReviewGOTests/Info.plist;
				LD_RUNPATH_SEARCH_PATHS = "$(inherited) @executable_path/Frameworks @loader_path/Frameworks";
				PRODUCT_BUNDLE_IDENTIFIER = com.wjl.ReviewGOTests;
				PRODUCT_NAME = "$(TARGET_NAME)";
				TARGETED_DEVICE_FAMILY = "1,2";
				TEST_HOST = "$(BUILT_PRODUCTS_DIR)/ReviewGO.app/ReviewGO";
			};
			name = Release;
		};
		1B7B5A671FD957AB000DF55E /* Debug */ = {
			isa = XCBuildConfiguration;
			buildSettings = {
				CODE_SIGN_STYLE = Automatic;
				DEVELOPMENT_TEAM = 6R9HWS7XZ6;
				INFOPLIST_FILE = ReviewGOUITests/Info.plist;
				LD_RUNPATH_SEARCH_PATHS = "$(inherited) @executable_path/Frameworks @loader_path/Frameworks";
				PRODUCT_BUNDLE_IDENTIFIER = com.wjl.ReviewGOUITests;
				PRODUCT_NAME = "$(TARGET_NAME)";
				TARGETED_DEVICE_FAMILY = "1,2";
				TEST_TARGET_NAME = ReviewGO;
			};
			name = Debug;
		};
		1B7B5A681FD957AB000DF55E /* Release */ = {
			isa = XCBuildConfiguration;
			buildSettings = {
				CODE_SIGN_STYLE = Automatic;
				DEVELOPMENT_TEAM = 6R9HWS7XZ6;
				INFOPLIST_FILE = ReviewGOUITests/Info.plist;
				LD_RUNPATH_SEARCH_PATHS = "$(inherited) @executable_path/Frameworks @loader_path/Frameworks";
				PRODUCT_BUNDLE_IDENTIFIER = com.wjl.ReviewGOUITests;
				PRODUCT_NAME = "$(TARGET_NAME)";
				TARGETED_DEVICE_FAMILY = "1,2";
				TEST_TARGET_NAME = ReviewGO;
			};
			name = Release;
		};
/* End XCBuildConfiguration section */

/* Begin XCConfigurationList section */
		1B7B5A2F1FD957AB000DF55E /* Build configuration list for PBXProject "ReviewGO" */ = {
			isa = XCConfigurationList;
			buildConfigurations = (
				1B7B5A5E1FD957AB000DF55E /* Debug */,
				1B7B5A5F1FD957AB000DF55E /* Release */,
			);
			defaultConfigurationIsVisible = 0;
			defaultConfigurationName = Release;
		};
		1B7B5A601FD957AB000DF55E /* Build configuration list for PBXNativeTarget "ReviewGO" */ = {
			isa = XCConfigurationList;
			buildConfigurations = (
				1B7B5A611FD957AB000DF55E /* Debug */,
				1B7B5A621FD957AB000DF55E /* Release */,
			);
			defaultConfigurationIsVisible = 0;
			defaultConfigurationName = Release;
		};
		1B7B5A631FD957AB000DF55E /* Build configuration list for PBXNativeTarget "ReviewGOTests" */ = {
			isa = XCConfigurationList;
			buildConfigurations = (
				1B7B5A641FD957AB000DF55E /* Debug */,
				1B7B5A651FD957AB000DF55E /* Release */,
			);
			defaultConfigurationIsVisible = 0;
			defaultConfigurationName = Release;
		};
		1B7B5A661FD957AB000DF55E /* Build configuration list for PBXNativeTarget "ReviewGOUITests" */ = {
			isa = XCConfigurationList;
			buildConfigurations = (
				1B7B5A671FD957AB000DF55E /* Debug */,
				1B7B5A681FD957AB000DF55E /* Release */,
			);
			defaultConfigurationIsVisible = 0;
			defaultConfigurationName = Release;
		};
/* End XCConfigurationList section */
	};
	rootObject = 1B7B5A2C1FD957AB000DF55E /* Project object */;
}
